
Microsoft Visual Studio Solution File, Format Version 12.00
# Visual Studio Version 17
VisualStudioVersion = 17.9.34728.123
MinimumVisualStudioVersion = 10.0.40219.1
Project("{FAE04EC0-301F-11D3-BF4B-00C04F79EFBC}") = "LivrariaOnlineAPI", "LivrariaOnlineAPI.csproj", "{EB49B374-8A2A-4F92-B7DC-D73FB019D107}"
EndProject
Global
	GlobalSection(SolutionConfigurationPlatforms) = preSolution
		Debug|Any CPU = Debug|Any CPU
		Release|Any CPU = Release|Any CPU
	EndGlobalSection
	GlobalSection(ProjectConfigurationPlatforms) = postSolution
		{EB49B374-8A2A-4F92-B7DC-D73FB019D107}.Debug|Any CPU.ActiveCfg = Debug|Any CPU
		{EB49B374-8A2A-4F92-B7DC-D73FB019D107}.Debug|Any CPU.Build.0 = Debug|Any CPU
		{EB49B374-8A2A-4F92-B7DC-D73FB019D107}.Release|Any CPU.ActiveCfg = Release|Any CPU
		{EB49B374-8A2A-4F92-B7DC-D73FB019D107}.Release|Any CPU.Build.0 = Release|Any CPU
	EndGlobalSection
	GlobalSection(SolutionProperties) = preSolution
		HideSolutionNode = FALSE
	EndGlobalSection
	GlobalSection(ExtensibilityGlobals) = postSolution
		SolutionGuid = {5FDC9943-6932-4F7C-AEDB-EC3F133661C5}
	EndGlobalSection
EndGlobal
